{
  "requires": true,
  "lockfileVersion": 1,
  "dependencies": {
    "react-parallax": {
      "version": "3.3.0",
      "resolved": "https://registry.npmjs.org/react-parallax/-/react-parallax-3.3.0.tgz",
      "integrity": "sha512-gI7YdblxdbhZ1ISqaWzIqlPSuQLX76QFbzWKmeA0hCprjephVdVD35gCN+Fu8v0p3cfw+DFTN/PE+jYgcCOLUw=="
    }
  }
}
